
Microsoft Visual Studio Solution File, Format Version 12.00
# Visual Studio Version 16
VisualStudioVersion = 16.0.29009.5
MinimumVisualStudioVersion = 10.0.40219.1
Project("{FAE04EC0-301F-11D3-BF4B-00C04F79EFBC}") = "Exercise1", "Exercise1\Exercise1.csproj", "{F8DE5E0F-2B8E-4740-90A7-7AF904B3FBD2}"
EndProject
Project("{FAE04EC0-301F-11D3-BF4B-00C04F79EFBC}") = "Exercise2", "Exercise2\Exercise2.csproj", "{990A7482-573D-4A0D-B51C-3DF2B2196A8A}"
EndProject
Project("{FAE04EC0-301F-11D3-BF4B-00C04F79EFBC}") = "Exercise4", "Exercise4\Exercise4.csproj", "{CCA47F71-40AE-4B2C-98E1-A4433D04FE7A}"
EndProject
Project("{FAE04EC0-301F-11D3-BF4B-00C04F79EFBC}") = "Exercise3", "Exercise3\Exercise3.csproj", "{0F0FFFF1-70CE-4961-929D-2241E1F3F8E8}"
EndProject
Project("{FAE04EC0-301F-11D3-BF4B-00C04F79EFBC}") = "Exercise5", "Exercise5\Exercise5.csproj", "{C8F6D69A-0E8C-443F-85A2-68C7A1C8E3A6}"
EndProject
Project("{FAE04EC0-301F-11D3-BF4B-00C04F79EFBC}") = "FizzBuzz", "Exercise6\FizzBuzz.csproj", "{51D9C292-430E-46F3-8156-37A1E978595B}"
EndProject
Project("{FAE04EC0-301F-11D3-BF4B-00C04F79EFBC}") = "Exercise7", "Exercise7\Exercise7.csproj", "{710E0832-D85B-4ADA-AC6D-FF306E544006}"
EndProject
Project("{FAE04EC0-301F-11D3-BF4B-00C04F79EFBC}") = "Exercise8", "Exercise8\Exercise8.csproj", "{DE8687D7-C783-4F05-8E30-E8EABC3B3B7D}"
EndProject
Project("{FAE04EC0-301F-11D3-BF4B-00C04F79EFBC}") = "Exercise9", "Exercise9\Exercise9.csproj", "{3345D631-128F-4EB9-9DB8-239D4186387B}"
EndProject
Project("{FAE04EC0-301F-11D3-BF4B-00C04F79EFBC}") = "NumberSquare", "NumberSquare\NumberSquare.csproj", "{374250B0-77B6-4642-856F-6FFC42873654}"
EndProject
Global
	GlobalSection(SolutionConfigurationPlatforms) = preSolution
		Debug|Any CPU = Debug|Any CPU
		Release|Any CPU = Release|Any CPU
	EndGlobalSection
	GlobalSection(ProjectConfigurationPlatforms) = postSolution
		{F8DE5E0F-2B8E-4740-90A7-7AF904B3FBD2}.Debug|Any CPU.ActiveCfg = Debug|Any CPU
		{F8DE5E0F-2B8E-4740-90A7-7AF904B3FBD2}.Debug|Any CPU.Build.0 = Debug|Any CPU
		{F8DE5E0F-2B8E-4740-90A7-7AF904B3FBD2}.Release|Any CPU.ActiveCfg = Release|Any CPU
		{F8DE5E0F-2B8E-4740-90A7-7AF904B3FBD2}.Release|Any CPU.Build.0 = Release|Any CPU
		{990A7482-573D-4A0D-B51C-3DF2B2196A8A}.Debug|Any CPU.ActiveCfg = Debug|Any CPU
		{990A7482-573D-4A0D-B51C-3DF2B2196A8A}.Debug|Any CPU.Build.0 = Debug|Any CPU
		{990A7482-573D-4A0D-B51C-3DF2B2196A8A}.Release|Any CPU.ActiveCfg = Release|Any CPU
		{990A7482-573D-4A0D-B51C-3DF2B2196A8A}.Release|Any CPU.Build.0 = Release|Any CPU
		{CCA47F71-40AE-4B2C-98E1-A4433D04FE7A}.Debug|Any CPU.ActiveCfg = Debug|Any CPU
		{CCA47F71-40AE-4B2C-98E1-A4433D04FE7A}.Debug|Any CPU.Build.0 = Debug|Any CPU
		{CCA47F71-40AE-4B2C-98E1-A4433D04FE7A}.Release|Any CPU.ActiveCfg = Release|Any CPU
		{CCA47F71-40AE-4B2C-98E1-A4433D04FE7A}.Release|Any CPU.Build.0 = Release|Any CPU
		{0F0FFFF1-70CE-4961-929D-2241E1F3F8E8}.Debug|Any CPU.ActiveCfg = Debug|Any CPU
		{0F0FFFF1-70CE-4961-929D-2241E1F3F8E8}.Debug|Any CPU.Build.0 = Debug|Any CPU
		{0F0FFFF1-70CE-4961-929D-2241E1F3F8E8}.Release|Any CPU.ActiveCfg = Release|Any CPU
		{0F0FFFF1-70CE-4961-929D-2241E1F3F8E8}.Release|Any CPU.Build.0 = Release|Any CPU
		{C8F6D69A-0E8C-443F-85A2-68C7A1C8E3A6}.Debug|Any CPU.ActiveCfg = Debug|Any CPU
		{C8F6D69A-0E8C-443F-85A2-68C7A1C8E3A6}.Debug|Any CPU.Build.0 = Debug|Any CPU
		{C8F6D69A-0E8C-443F-85A2-68C7A1C8E3A6}.Release|Any CPU.ActiveCfg = Release|Any CPU
		{C8F6D69A-0E8C-443F-85A2-68C7A1C8E3A6}.Release|Any CPU.Build.0 = Release|Any CPU
		{51D9C292-430E-46F3-8156-37A1E978595B}.Debug|Any CPU.ActiveCfg = Debug|Any CPU
		{51D9C292-430E-46F3-8156-37A1E978595B}.Debug|Any CPU.Build.0 = Debug|Any CPU
		{51D9C292-430E-46F3-8156-37A1E978595B}.Release|Any CPU.ActiveCfg = Release|Any CPU
		{51D9C292-430E-46F3-8156-37A1E978595B}.Release|Any CPU.Build.0 = Release|Any CPU
		{710E0832-D85B-4ADA-AC6D-FF306E544006}.Debug|Any CPU.ActiveCfg = Debug|Any CPU
		{710E0832-D85B-4ADA-AC6D-FF306E544006}.Debug|Any CPU.Build.0 = Debug|Any CPU
		{710E0832-D85B-4ADA-AC6D-FF306E544006}.Release|Any CPU.ActiveCfg = Release|Any CPU
		{710E0832-D85B-4ADA-AC6D-FF306E544006}.Release|Any CPU.Build.0 = Release|Any CPU
		{DE8687D7-C783-4F05-8E30-E8EABC3B3B7D}.Debug|Any CPU.ActiveCfg = Debug|Any CPU
		{DE8687D7-C783-4F05-8E30-E8EABC3B3B7D}.Debug|Any CPU.Build.0 = Debug|Any CPU
		{DE8687D7-C783-4F05-8E30-E8EABC3B3B7D}.Release|Any CPU.ActiveCfg = Release|Any CPU
		{DE8687D7-C783-4F05-8E30-E8EABC3B3B7D}.Release|Any CPU.Build.0 = Release|Any CPU
		{3345D631-128F-4EB9-9DB8-239D4186387B}.Debug|Any CPU.ActiveCfg = Debug|Any CPU
		{3345D631-128F-4EB9-9DB8-239D4186387B}.Debug|Any CPU.Build.0 = Debug|Any CPU
		{3345D631-128F-4EB9-9DB8-239D4186387B}.Release|Any CPU.ActiveCfg = Release|Any CPU
		{3345D631-128F-4EB9-9DB8-239D4186387B}.Release|Any CPU.Build.0 = Release|Any CPU
		{374250B0-77B6-4642-856F-6FFC42873654}.Debug|Any CPU.ActiveCfg = Debug|Any CPU
		{374250B0-77B6-4642-856F-6FFC42873654}.Debug|Any CPU.Build.0 = Debug|Any CPU
		{374250B0-77B6-4642-856F-6FFC42873654}.Release|Any CPU.ActiveCfg = Release|Any CPU
		{374250B0-77B6-4642-856F-6FFC42873654}.Release|Any CPU.Build.0 = Release|Any CPU
	EndGlobalSection
	GlobalSection(SolutionProperties) = preSolution
		HideSolutionNode = FALSE
	EndGlobalSection
	GlobalSection(ExtensibilityGlobals) = postSolution
		SolutionGuid = {9E2B805A-E209-4714-AE87-3C7317951F1D}
	EndGlobalSection
EndGlobal
