
Microsoft Visual Studio Solution File, Format Version 12.00
# Visual Studio Version 16
VisualStudioVersion = 16.0.31829.152
MinimumVisualStudioVersion = 10.0.40219.1
Project("{FAE04EC0-301F-11D3-BF4B-00C04F79EFBC}") = "AdApp", "AdApp\AdApp.csproj", "{EF368CD9-D804-47D2-940B-49441C0FB190}"
EndProject
Global
	GlobalSection(SolutionConfigurationPlatforms) = preSolution
		Debug|Any CPU = Debug|Any CPU
		Release|Any CPU = Release|Any CPU
	EndGlobalSection
	GlobalSection(ProjectConfigurationPlatforms) = postSolution
		{EF368CD9-D804-47D2-940B-49441C0FB190}.Debug|Any CPU.ActiveCfg = Debug|Any CPU
		{EF368CD9-D804-47D2-940B-49441C0FB190}.Debug|Any CPU.Build.0 = Debug|Any CPU
		{EF368CD9-D804-47D2-940B-49441C0FB190}.Release|Any CPU.ActiveCfg = Release|Any CPU
		{EF368CD9-D804-47D2-940B-49441C0FB190}.Release|Any CPU.Build.0 = Release|Any CPU
	EndGlobalSection
	GlobalSection(SolutionProperties) = preSolution
		HideSolutionNode = FALSE
	EndGlobalSection
	GlobalSection(ExtensibilityGlobals) = postSolution
		SolutionGuid = {0798CFB2-6048-4544-AFB8-335FBC1AD001}
	EndGlobalSection
EndGlobal
