
Microsoft Visual Studio Solution File, Format Version 12.00
# Visual Studio Version 16
VisualStudioVersion = 16.0.31829.152
MinimumVisualStudioVersion = 10.0.40219.1
Project("{FAE04EC0-301F-11D3-BF4B-00C04F79EFBC}") = "Persons", "Persons\Persons.csproj", "{502E599C-1260-4F67-9FEB-484FAD44C72A}"
EndProject
Global
	GlobalSection(SolutionConfigurationPlatforms) = preSolution
		Debug|Any CPU = Debug|Any CPU
		Release|Any CPU = Release|Any CPU
	EndGlobalSection
	GlobalSection(ProjectConfigurationPlatforms) = postSolution
		{502E599C-1260-4F67-9FEB-484FAD44C72A}.Debug|Any CPU.ActiveCfg = Debug|Any CPU
		{502E599C-1260-4F67-9FEB-484FAD44C72A}.Debug|Any CPU.Build.0 = Debug|Any CPU
		{502E599C-1260-4F67-9FEB-484FAD44C72A}.Release|Any CPU.ActiveCfg = Release|Any CPU
		{502E599C-1260-4F67-9FEB-484FAD44C72A}.Release|Any CPU.Build.0 = Release|Any CPU
	EndGlobalSection
	GlobalSection(SolutionProperties) = preSolution
		HideSolutionNode = FALSE
	EndGlobalSection
	GlobalSection(ExtensibilityGlobals) = postSolution
		SolutionGuid = {21F3A3DC-5BD3-46EA-BEDD-457485FB3384}
	EndGlobalSection
EndGlobal
